
Microsoft Visual Studio Solution File, Format Version 12.00
# Visual Studio Version 17
VisualStudioVersion = 17.12.35527.113
MinimumVisualStudioVersion = 10.0.40219.1
Project("{E53339B2-1760-4266-BCC7-CA923CBCF16C}") = "docker-compose", "docker-compose.dcproj", "{2B48DE10-ACEF-4B94-BAEB-C37223A3E43E}"
EndProject
Project("{FAE04EC0-301F-11D3-BF4B-00C04F79EFBC}") = "ScholarSystem.Application", "ScholarSystem.Application\ScholarSystem.Application.csproj", "{4B57DAF7-66C4-422E-9EB3-E120A3D0EEDE}"
EndProject
Project("{FAE04EC0-301F-11D3-BF4B-00C04F79EFBC}") = "ScholarSystem.Domain", "ScholarSystem.Domain\ScholarSystem.Domain.csproj", "{A8CA610C-3964-485B-8682-CE77FC65654B}"
EndProject
Project("{FAE04EC0-301F-11D3-BF4B-00C04F79EFBC}") = "ScholarSystem.Infrastructure", "ScholarSystem.Infrastructure\ScholarSystem.Infrastructure.csproj", "{388A126F-67BB-4AA1-A9EC-3BB5065D0865}"
EndProject
Project("{FAE04EC0-301F-11D3-BF4B-00C04F79EFBC}") = "ScholarSystem.WebAPI", "ScholarSystem.WebAPI\ScholarSystem.WebAPI.csproj", "{8FBFCB4F-5535-426E-8FDB-BDB40888ACC7}"
EndProject
Project("{FAE04EC0-301F-11D3-BF4B-00C04F79EFBC}") = "ScholarSystem.XUnitTest", "..\ScholarSystem.XUnitTest\ScholarSystem.XUnitTest.csproj", "{E01403BB-FFC7-407F-A24B-BA4B70C344A3}"
EndProject
Global
	GlobalSection(SolutionConfigurationPlatforms) = preSolution
		Debug|Any CPU = Debug|Any CPU
		Release|Any CPU = Release|Any CPU
	EndGlobalSection
	GlobalSection(ProjectConfigurationPlatforms) = postSolution
		{2B48DE10-ACEF-4B94-BAEB-C37223A3E43E}.Debug|Any CPU.ActiveCfg = Debug|Any CPU
		{2B48DE10-ACEF-4B94-BAEB-C37223A3E43E}.Debug|Any CPU.Build.0 = Debug|Any CPU
		{2B48DE10-ACEF-4B94-BAEB-C37223A3E43E}.Release|Any CPU.ActiveCfg = Release|Any CPU
		{2B48DE10-ACEF-4B94-BAEB-C37223A3E43E}.Release|Any CPU.Build.0 = Release|Any CPU
		{4B57DAF7-66C4-422E-9EB3-E120A3D0EEDE}.Debug|Any CPU.ActiveCfg = Debug|Any CPU
		{4B57DAF7-66C4-422E-9EB3-E120A3D0EEDE}.Debug|Any CPU.Build.0 = Debug|Any CPU
		{4B57DAF7-66C4-422E-9EB3-E120A3D0EEDE}.Release|Any CPU.ActiveCfg = Release|Any CPU
		{4B57DAF7-66C4-422E-9EB3-E120A3D0EEDE}.Release|Any CPU.Build.0 = Release|Any CPU
		{A8CA610C-3964-485B-8682-CE77FC65654B}.Debug|Any CPU.ActiveCfg = Debug|Any CPU
		{A8CA610C-3964-485B-8682-CE77FC65654B}.Debug|Any CPU.Build.0 = Debug|Any CPU
		{A8CA610C-3964-485B-8682-CE77FC65654B}.Release|Any CPU.ActiveCfg = Release|Any CPU
		{A8CA610C-3964-485B-8682-CE77FC65654B}.Release|Any CPU.Build.0 = Release|Any CPU
		{388A126F-67BB-4AA1-A9EC-3BB5065D0865}.Debug|Any CPU.ActiveCfg = Debug|Any CPU
		{388A126F-67BB-4AA1-A9EC-3BB5065D0865}.Debug|Any CPU.Build.0 = Debug|Any CPU
		{388A126F-67BB-4AA1-A9EC-3BB5065D0865}.Release|Any CPU.ActiveCfg = Release|Any CPU
		{388A126F-67BB-4AA1-A9EC-3BB5065D0865}.Release|Any CPU.Build.0 = Release|Any CPU
		{8FBFCB4F-5535-426E-8FDB-BDB40888ACC7}.Debug|Any CPU.ActiveCfg = Debug|Any CPU
		{8FBFCB4F-5535-426E-8FDB-BDB40888ACC7}.Debug|Any CPU.Build.0 = Debug|Any CPU
		{8FBFCB4F-5535-426E-8FDB-BDB40888ACC7}.Release|Any CPU.ActiveCfg = Release|Any CPU
		{8FBFCB4F-5535-426E-8FDB-BDB40888ACC7}.Release|Any CPU.Build.0 = Release|Any CPU
		{E01403BB-FFC7-407F-A24B-BA4B70C344A3}.Debug|Any CPU.ActiveCfg = Debug|Any CPU
		{E01403BB-FFC7-407F-A24B-BA4B70C344A3}.Debug|Any CPU.Build.0 = Debug|Any CPU
		{E01403BB-FFC7-407F-A24B-BA4B70C344A3}.Release|Any CPU.ActiveCfg = Release|Any CPU
		{E01403BB-FFC7-407F-A24B-BA4B70C344A3}.Release|Any CPU.Build.0 = Release|Any CPU
	EndGlobalSection
	GlobalSection(SolutionProperties) = preSolution
		HideSolutionNode = FALSE
	EndGlobalSection
EndGlobal
